
Microsoft Visual Studio Solution File, Format Version 12.00
# Visual Studio Version 17
VisualStudioVersion = 17.6.33723.286
MinimumVisualStudioVersion = 10.0.40219.1
Project("{FAE04EC0-301F-11D3-BF4B-00C04F79EFBC}") = "DoubleLinkedList(Q9)", "DoubleLinkedList(Q9)\DoubleLinkedList(Q9).csproj", "{F57F1AA2-F0F6-47D9-800D-72D9B925FAA9}"
EndProject
Global
	GlobalSection(SolutionConfigurationPlatforms) = preSolution
		Debug|Any CPU = Debug|Any CPU
		Release|Any CPU = Release|Any CPU
	EndGlobalSection
	GlobalSection(ProjectConfigurationPlatforms) = postSolution
		{F57F1AA2-F0F6-47D9-800D-72D9B925FAA9}.Debug|Any CPU.ActiveCfg = Debug|Any CPU
		{F57F1AA2-F0F6-47D9-800D-72D9B925FAA9}.Debug|Any CPU.Build.0 = Debug|Any CPU
		{F57F1AA2-F0F6-47D9-800D-72D9B925FAA9}.Release|Any CPU.ActiveCfg = Release|Any CPU
		{F57F1AA2-F0F6-47D9-800D-72D9B925FAA9}.Release|Any CPU.Build.0 = Release|Any CPU
	EndGlobalSection
	GlobalSection(SolutionProperties) = preSolution
		HideSolutionNode = FALSE
	EndGlobalSection
	GlobalSection(ExtensibilityGlobals) = postSolution
		SolutionGuid = {1C35E64F-B4B2-4BCE-8337-22D46BB6D92A}
	EndGlobalSection
EndGlobal
