
Microsoft Visual Studio Solution File, Format Version 12.00
# Visual Studio Version 17
VisualStudioVersion = 17.6.33723.286
MinimumVisualStudioVersion = 10.0.40219.1
Project("{FAE04EC0-301F-11D3-BF4B-00C04F79EFBC}") = "DoubleLinkedList_Q8_", "DoubleLinkedList(Q8\DoubleLinkedList_Q8_.csproj", "{9F4D12C5-82DA-4968-BC24-9822826AB6B3}"
EndProject
Global
	GlobalSection(SolutionConfigurationPlatforms) = preSolution
		Debug|Any CPU = Debug|Any CPU
		Release|Any CPU = Release|Any CPU
	EndGlobalSection
	GlobalSection(ProjectConfigurationPlatforms) = postSolution
		{9F4D12C5-82DA-4968-BC24-9822826AB6B3}.Debug|Any CPU.ActiveCfg = Debug|Any CPU
		{9F4D12C5-82DA-4968-BC24-9822826AB6B3}.Debug|Any CPU.Build.0 = Debug|Any CPU
		{9F4D12C5-82DA-4968-BC24-9822826AB6B3}.Release|Any CPU.ActiveCfg = Release|Any CPU
		{9F4D12C5-82DA-4968-BC24-9822826AB6B3}.Release|Any CPU.Build.0 = Release|Any CPU
	EndGlobalSection
	GlobalSection(SolutionProperties) = preSolution
		HideSolutionNode = FALSE
	EndGlobalSection
	GlobalSection(ExtensibilityGlobals) = postSolution
		SolutionGuid = {62B1C388-2AF0-413B-AE6C-E80D343E7544}
	EndGlobalSection
EndGlobal
